
Microsoft Visual Studio Solution File, Format Version 12.00
# Visual Studio Version 16
VisualStudioVersion = 16.0.29728.190
MinimumVisualStudioVersion = 10.0.40219.1
Project("{9A19103F-16F7-4668-BE54-9A1E7A4F7556}") = "YodaIM", "YodaIM\YodaIM.csproj", "{C9D5D38C-B7DA-4607-AA72-C08CB45F7F63}"
EndProject
Project("{2150E333-8FDC-42A3-9474-1A3956D46DE8}") = "Solution Items", "Solution Items", "{E1F8B43F-5605-42DA-8DA7-AC0DDC3B6CF6}"
	ProjectSection(SolutionItems) = preProject
		README.md = README.md
	EndProjectSection
EndProject
Global
	GlobalSection(SolutionConfigurationPlatforms) = preSolution
		Debug|Any CPU = Debug|Any CPU
		Release|Any CPU = Release|Any CPU
	EndGlobalSection
	GlobalSection(ProjectConfigurationPlatforms) = postSolution
		{C9D5D38C-B7DA-4607-AA72-C08CB45F7F63}.Debug|Any CPU.ActiveCfg = Debug|Any CPU
		{C9D5D38C-B7DA-4607-AA72-C08CB45F7F63}.Debug|Any CPU.Build.0 = Debug|Any CPU
		{C9D5D38C-B7DA-4607-AA72-C08CB45F7F63}.Release|Any CPU.ActiveCfg = Release|Any CPU
		{C9D5D38C-B7DA-4607-AA72-C08CB45F7F63}.Release|Any CPU.Build.0 = Release|Any CPU
	EndGlobalSection
	GlobalSection(SolutionProperties) = preSolution
		HideSolutionNode = FALSE
	EndGlobalSection
	GlobalSection(ExtensibilityGlobals) = postSolution
		SolutionGuid = {E3208BD4-7482-499C-B060-1D44C7D30D96}
	EndGlobalSection
EndGlobal
